
Microsoft Visual Studio Solution File, Format Version 12.00
# Visual Studio Version 17
VisualStudioVersion = 17.8.34511.84
MinimumVisualStudioVersion = 10.0.40219.1
Project("{FAE04EC0-301F-11D3-BF4B-00C04F79EFBC}") = "Baitap", "Baitap.csproj", "{EDA6F1BF-9A00-4338-B4F9-E74D5BB3C97D}"
EndProject
Global
	GlobalSection(SolutionConfigurationPlatforms) = preSolution
		Debug|Any CPU = Debug|Any CPU
		Release|Any CPU = Release|Any CPU
	EndGlobalSection
	GlobalSection(ProjectConfigurationPlatforms) = postSolution
		{EDA6F1BF-9A00-4338-B4F9-E74D5BB3C97D}.Debug|Any CPU.ActiveCfg = Debug|Any CPU
		{EDA6F1BF-9A00-4338-B4F9-E74D5BB3C97D}.Debug|Any CPU.Build.0 = Debug|Any CPU
		{EDA6F1BF-9A00-4338-B4F9-E74D5BB3C97D}.Release|Any CPU.ActiveCfg = Release|Any CPU
		{EDA6F1BF-9A00-4338-B4F9-E74D5BB3C97D}.Release|Any CPU.Build.0 = Release|Any CPU
	EndGlobalSection
	GlobalSection(SolutionProperties) = preSolution
		HideSolutionNode = FALSE
	EndGlobalSection
	GlobalSection(ExtensibilityGlobals) = postSolution
		SolutionGuid = {AA7F3E96-65D1-45E5-AAAE-2ADCAEB35BF5}
	EndGlobalSection
EndGlobal
